
Microsoft Visual Studio Solution File, Format Version 12.00
# Visual Studio 15
VisualStudioVersion = 15.0.28307.421
MinimumVisualStudioVersion = 10.0.40219.1
Project("{8BC9CEB8-8B4A-11D0-8D11-00A0C91BC942}") = "Core", "Core\Core.vcxproj", "{BDFB1739-E99D-43BC-B1C6-744C9070AB74}"
EndProject
Project("{8BC9CEB8-8B4A-11D0-8D11-00A0C91BC942}") = "Application", "Application\Application.vcxproj", "{4CA218DC-CDD8-4891-A816-5B93D02B5F18}"
EndProject
Global
	GlobalSection(SolutionConfigurationPlatforms) = preSolution
		Debug|x64 = Debug|x64
		Debug|x86 = Debug|x86
		Release|x64 = Release|x64
		Release|x86 = Release|x86
	EndGlobalSection
	GlobalSection(ProjectConfigurationPlatforms) = postSolution
		{BDFB1739-E99D-43BC-B1C6-744C9070AB74}.Debug|x64.ActiveCfg = Debug|x64
		{BDFB1739-E99D-43BC-B1C6-744C9070AB74}.Debug|x64.Build.0 = Debug|x64
		{BDFB1739-E99D-43BC-B1C6-744C9070AB74}.Debug|x86.ActiveCfg = Debug|Win32
		{BDFB1739-E99D-43BC-B1C6-744C9070AB74}.Debug|x86.Build.0 = Debug|Win32
		{BDFB1739-E99D-43BC-B1C6-744C9070AB74}.Release|x64.ActiveCfg = Release|x64
		{BDFB1739-E99D-43BC-B1C6-744C9070AB74}.Release|x64.Build.0 = Release|x64
		{BDFB1739-E99D-43BC-B1C6-744C9070AB74}.Release|x86.ActiveCfg = Release|Win32
		{BDFB1739-E99D-43BC-B1C6-744C9070AB74}.Release|x86.Build.0 = Release|Win32
		{4CA218DC-CDD8-4891-A816-5B93D02B5F18}.Debug|x64.ActiveCfg = Debug|x64
		{4CA218DC-CDD8-4891-A816-5B93D02B5F18}.Debug|x64.Build.0 = Debug|x64
		{4CA218DC-CDD8-4891-A816-5B93D02B5F18}.Debug|x86.ActiveCfg = Debug|Win32
		{4CA218DC-CDD8-4891-A816-5B93D02B5F18}.Debug|x86.Build.0 = Debug|Win32
		{4CA218DC-CDD8-4891-A816-5B93D02B5F18}.Release|x64.ActiveCfg = Release|x64
		{4CA218DC-CDD8-4891-A816-5B93D02B5F18}.Release|x64.Build.0 = Release|x64
		{4CA218DC-CDD8-4891-A816-5B93D02B5F18}.Release|x86.ActiveCfg = Release|Win32
		{4CA218DC-CDD8-4891-A816-5B93D02B5F18}.Release|x86.Build.0 = Release|Win32
	EndGlobalSection
	GlobalSection(SolutionProperties) = preSolution
		HideSolutionNode = FALSE
	EndGlobalSection
	GlobalSection(ExtensibilityGlobals) = postSolution
		SolutionGuid = {970CCAE8-6728-4292-A718-104E19F563DD}
	EndGlobalSection
EndGlobal
