<?xml version="1.0" encoding="utf-8"?>
<Project ToolsVersion="4.0" xmlns="http://schemas.microsoft.com/developer/msbuild/2003">
  <ItemGroup>
    <Filter Include="Source Files">
      <UniqueIdentifier>{4FC737F1-C7A5-4376-A066-2A32D752A2FF}</UniqueIdentifier>
      <Extensions>cpp;c;cc;cxx;def;odl;idl;hpj;bat;asm;asmx</Extensions>
    </Filter>
    <Filter Include="Header Files">
      <UniqueIdentifier>{93995380-89BD-4b04-88EB-625FBE52EBFB}</UniqueIdentifier>
      <Extensions>h;hh;hpp;hxx;hm;inl;inc;xsd</Extensions>
    </Filter>
    <Filter Include="Resource Files">
      <UniqueIdentifier>{67DA6AB6-F800-4c08-8B7A-83BB121AAD01}</UniqueIdentifier>
      <Extensions>rc;ico;cur;bmp;dlg;rc2;rct;bin;rgs;gif;jpg;jpeg;jpe;resx;tiff;tif;png;wav;mfcribbon-ms</Extensions>
    </Filter>
  </ItemGroup>
  <ItemGroup>
    <ClInclude Include="src\cpu\cpu.h">
      <Filter>Header Files</Filter>
    </ClInclude>
    <ClInclude Include="src\ppu\ppu.h">
      <Filter>Header Files</Filter>
    </ClInclude>
    <ClInclude Include="src\memory\memory.h">
      <Filter>Header Files</Filter>
    </ClInclude>
    <ClInclude Include="src\memory\mappers\baseMapper.h">
      <Filter>Header Files</Filter>
    </ClInclude>
    <ClInclude Include="src\memory\mappers\nrom.h">
      <Filter>Header Files</Filter>
    </ClInclude>
    <ClInclude Include="src\memory\mappers\mmc1.h">
      <Filter>Header Files</Filter>
    </ClInclude>
    <ClInclude Include="src\nes.h">
      <Filter>Header Files</Filter>
    </ClInclude>
    <ClInclude Include="src\headers\iNESHeader.h">
      <Filter>Header Files</Filter>
    </ClInclude>
    <ClInclude Include="src\stdafx.h">
      <Filter>Header Files</Filter>
    </ClInclude>
    <ClInclude Include="src\apu\apu.h">
      <Filter>Header Files</Filter>
    </ClInclude>
    <ClInclude Include="src\ppu\window.h">
      <Filter>Header Files</Filter>
    </ClInclude>
    <ClInclude Include="src\apu\audio.h">
      <Filter>Header Files</Filter>
    </ClInclude>
    <ClInclude Include="src\apu\channel.h">
      <Filter>Header Files</Filter>
    </ClInclude>
    <ClInclude Include="src\apu\pulse.h">
      <Filter>Header Files</Filter>
    </ClInclude>
    <ClInclude Include="src\apu\triangle.h">
      <Filter>Header Files</Filter>
    </ClInclude>
    <ClInclude Include="src\apu\noise.h">
      <Filter>Header Files</Filter>
    </ClInclude>
  </ItemGroup>
  <ItemGroup>
    <ClCompile Include="src\main.cpp">
      <Filter>Source Files</Filter>
    </ClCompile>
    <ClCompile Include="src\cpu\cpu.cpp">
      <Filter>Source Files</Filter>
    </ClCompile>
    <ClCompile Include="src\ppu\ppu.cpp">
      <Filter>Source Files</Filter>
    </ClCompile>
    <ClCompile Include="src\cpu\opcodes.cpp">
      <Filter>Source Files</Filter>
    </ClCompile>
    <ClCompile Include="src\memory\memory.cpp">
      <Filter>Source Files</Filter>
    </ClCompile>
    <ClCompile Include="src\memory\mappers\baseMapper.cpp">
      <Filter>Source Files</Filter>
    </ClCompile>
    <ClCompile Include="src\memory\mappers\nrom.cpp">
      <Filter>Source Files</Filter>
    </ClCompile>
    <ClCompile Include="src\memory\mappers\mmc1.cpp">
      <Filter>Source Files</Filter>
    </ClCompile>
    <ClCompile Include="src\nes.cpp">
      <Filter>Source Files</Filter>
    </ClCompile>
    <ClCompile Include="src\headers\iNESHeader.cpp">
      <Filter>Source Files</Filter>
    </ClCompile>
    <ClCompile Include="src\stdafx.cpp">
      <Filter>Source Files</Filter>
    </ClCompile>
    <ClCompile Include="src\apu\apu.cpp">
      <Filter>Source Files</Filter>
    </ClCompile>
    <ClCompile Include="glad.c">
      <Filter>Source Files</Filter>
    </ClCompile>
    <ClCompile Include="src\ppu\window.cpp">
      <Filter>Source Files</Filter>
    </ClCompile>
    <ClCompile Include="src\apu\audio.cpp">
      <Filter>Source Files</Filter>
    </ClCompile>
    <ClCompile Include="src\apu\pulse.cpp">
      <Filter>Source Files</Filter>
    </ClCompile>
    <ClCompile Include="src\apu\channel.cpp">
      <Filter>Source Files</Filter>
    </ClCompile>
    <ClCompile Include="src\apu\triangle.cpp">
      <Filter>Source Files</Filter>
    </ClCompile>
    <ClCompile Include="src\apu\noise.cpp">
      <Filter>Source Files</Filter>
    </ClCompile>
  </ItemGroup>
</Project>